# THIS IS AN AUTOGENERATED FILE. DO NOT EDIT THIS FILE DIRECTLY.
# yarn lockfile v1


react-native-animated-math@^0.1.0:
  version "0.1.0"
  resolved "https://registry.yarnpkg.com/react-native-animated-math/-/react-native-animated-math-0.1.0.tgz#ab19162099b49c48490d34b48545bb7f26c542d1"
  integrity sha1-qxkWIJm0nEhJDTS0hUW7fybFQtE=
